
Microsoft Visual Studio Solution File, Format Version 12.00
# Visual Studio Version 16
VisualStudioVersion = 16.0.29905.134
MinimumVisualStudioVersion = 10.0.40219.1
Project("{FAE04EC0-301F-11D3-BF4B-00C04F79EFBC}") = "Conditional", "Conditional.csproj", "{07149640-8FDE-4B92-8328-B84C4B7D3220}"
EndProject
Global
	GlobalSection(SolutionConfigurationPlatforms) = preSolution
		Debug|Any CPU = Debug|Any CPU
		Release|Any CPU = Release|Any CPU
	EndGlobalSection
	GlobalSection(ProjectConfigurationPlatforms) = postSolution
		{07149640-8FDE-4B92-8328-B84C4B7D3220}.Debug|Any CPU.ActiveCfg = Debug|Any CPU
		{07149640-8FDE-4B92-8328-B84C4B7D3220}.Debug|Any CPU.Build.0 = Debug|Any CPU
		{07149640-8FDE-4B92-8328-B84C4B7D3220}.Release|Any CPU.ActiveCfg = Release|Any CPU
		{07149640-8FDE-4B92-8328-B84C4B7D3220}.Release|Any CPU.Build.0 = Release|Any CPU
	EndGlobalSection
	GlobalSection(SolutionProperties) = preSolution
		HideSolutionNode = FALSE
	EndGlobalSection
	GlobalSection(ExtensibilityGlobals) = postSolution
		SolutionGuid = {65692070-ACCA-424B-9728-30239F7F9E07}
	EndGlobalSection
EndGlobal
