
Microsoft Visual Studio Solution File, Format Version 12.00
# Visual Studio Version 16
VisualStudioVersion = 16.0.29911.84
MinimumVisualStudioVersion = 10.0.40219.1
Project("{FAE04EC0-301F-11D3-BF4B-00C04F79EFBC}") = "Basic", "Basic.csproj", "{5EFBA476-30D4-4F60-855E-F5045533D542}"
EndProject
Global
	GlobalSection(SolutionConfigurationPlatforms) = preSolution
		Debug|Any CPU = Debug|Any CPU
		Release|Any CPU = Release|Any CPU
	EndGlobalSection
	GlobalSection(ProjectConfigurationPlatforms) = postSolution
		{5EFBA476-30D4-4F60-855E-F5045533D542}.Debug|Any CPU.ActiveCfg = Debug|Any CPU
		{5EFBA476-30D4-4F60-855E-F5045533D542}.Debug|Any CPU.Build.0 = Debug|Any CPU
		{5EFBA476-30D4-4F60-855E-F5045533D542}.Release|Any CPU.ActiveCfg = Release|Any CPU
		{5EFBA476-30D4-4F60-855E-F5045533D542}.Release|Any CPU.Build.0 = Release|Any CPU
	EndGlobalSection
	GlobalSection(SolutionProperties) = preSolution
		HideSolutionNode = FALSE
	EndGlobalSection
	GlobalSection(ExtensibilityGlobals) = postSolution
		SolutionGuid = {B379AC00-3128-429E-899F-D25A268ABB93}
	EndGlobalSection
EndGlobal
