
Microsoft Visual Studio Solution File, Format Version 12.00
# Visual Studio Version 16
VisualStudioVersion = 16.0.29905.134
MinimumVisualStudioVersion = 10.0.40219.1
Project("{FAE04EC0-301F-11D3-BF4B-00C04F79EFBC}") = "UserInput", "UserInput.csproj", "{4AAC8F12-3296-4540-9317-10FAC0B6D0AD}"
EndProject
Global
	GlobalSection(SolutionConfigurationPlatforms) = preSolution
		Debug|Any CPU = Debug|Any CPU
		Release|Any CPU = Release|Any CPU
	EndGlobalSection
	GlobalSection(ProjectConfigurationPlatforms) = postSolution
		{4AAC8F12-3296-4540-9317-10FAC0B6D0AD}.Debug|Any CPU.ActiveCfg = Debug|Any CPU
		{4AAC8F12-3296-4540-9317-10FAC0B6D0AD}.Debug|Any CPU.Build.0 = Debug|Any CPU
		{4AAC8F12-3296-4540-9317-10FAC0B6D0AD}.Release|Any CPU.ActiveCfg = Release|Any CPU
		{4AAC8F12-3296-4540-9317-10FAC0B6D0AD}.Release|Any CPU.Build.0 = Release|Any CPU
	EndGlobalSection
	GlobalSection(SolutionProperties) = preSolution
		HideSolutionNode = FALSE
	EndGlobalSection
	GlobalSection(ExtensibilityGlobals) = postSolution
		SolutionGuid = {14265E30-82D0-4A5F-9E39-987FDA820869}
	EndGlobalSection
EndGlobal
