
Microsoft Visual Studio Solution File, Format Version 12.00
# Visual Studio Version 16
VisualStudioVersion = 16.0.29905.134
MinimumVisualStudioVersion = 10.0.40219.1
Project("{FAE04EC0-301F-11D3-BF4B-00C04F79EFBC}") = "SingleDimensionalArray", "SingleDimensionalArray.csproj", "{84E94169-044D-436F-BE55-7655A14F88BD}"
EndProject
Global
	GlobalSection(SolutionConfigurationPlatforms) = preSolution
		Debug|Any CPU = Debug|Any CPU
		Release|Any CPU = Release|Any CPU
	EndGlobalSection
	GlobalSection(ProjectConfigurationPlatforms) = postSolution
		{84E94169-044D-436F-BE55-7655A14F88BD}.Debug|Any CPU.ActiveCfg = Debug|Any CPU
		{84E94169-044D-436F-BE55-7655A14F88BD}.Debug|Any CPU.Build.0 = Debug|Any CPU
		{84E94169-044D-436F-BE55-7655A14F88BD}.Release|Any CPU.ActiveCfg = Release|Any CPU
		{84E94169-044D-436F-BE55-7655A14F88BD}.Release|Any CPU.Build.0 = Release|Any CPU
	EndGlobalSection
	GlobalSection(SolutionProperties) = preSolution
		HideSolutionNode = FALSE
	EndGlobalSection
	GlobalSection(ExtensibilityGlobals) = postSolution
		SolutionGuid = {4AC77EDC-B31C-4916-91FC-D50DEDCC5BA8}
	EndGlobalSection
EndGlobal
