
Microsoft Visual Studio Solution File, Format Version 12.00
# Visual Studio Version 16
VisualStudioVersion = 16.0.29905.134
MinimumVisualStudioVersion = 10.0.40219.1
Project("{FAE04EC0-301F-11D3-BF4B-00C04F79EFBC}") = "Array2D", "Array2D.csproj", "{96A9894B-EFD7-4C49-968B-D120128F105E}"
EndProject
Global
	GlobalSection(SolutionConfigurationPlatforms) = preSolution
		Debug|Any CPU = Debug|Any CPU
		Release|Any CPU = Release|Any CPU
	EndGlobalSection
	GlobalSection(ProjectConfigurationPlatforms) = postSolution
		{96A9894B-EFD7-4C49-968B-D120128F105E}.Debug|Any CPU.ActiveCfg = Debug|Any CPU
		{96A9894B-EFD7-4C49-968B-D120128F105E}.Debug|Any CPU.Build.0 = Debug|Any CPU
		{96A9894B-EFD7-4C49-968B-D120128F105E}.Release|Any CPU.ActiveCfg = Release|Any CPU
		{96A9894B-EFD7-4C49-968B-D120128F105E}.Release|Any CPU.Build.0 = Release|Any CPU
	EndGlobalSection
	GlobalSection(SolutionProperties) = preSolution
		HideSolutionNode = FALSE
	EndGlobalSection
	GlobalSection(ExtensibilityGlobals) = postSolution
		SolutionGuid = {40D4A361-6E96-49D0-B739-EA624634ED89}
	EndGlobalSection
EndGlobal
