
Microsoft Visual Studio Solution File, Format Version 12.00
# Visual Studio Version 16
VisualStudioVersion = 16.0.29911.84
MinimumVisualStudioVersion = 10.0.40219.1
Project("{FAE04EC0-301F-11D3-BF4B-00C04F79EFBC}") = "Interface", "Interface.csproj", "{C81AA494-1D79-4E67-BB7E-DEB716006397}"
EndProject
Global
	GlobalSection(SolutionConfigurationPlatforms) = preSolution
		Debug|Any CPU = Debug|Any CPU
		Release|Any CPU = Release|Any CPU
	EndGlobalSection
	GlobalSection(ProjectConfigurationPlatforms) = postSolution
		{C81AA494-1D79-4E67-BB7E-DEB716006397}.Debug|Any CPU.ActiveCfg = Debug|Any CPU
		{C81AA494-1D79-4E67-BB7E-DEB716006397}.Debug|Any CPU.Build.0 = Debug|Any CPU
		{C81AA494-1D79-4E67-BB7E-DEB716006397}.Release|Any CPU.ActiveCfg = Release|Any CPU
		{C81AA494-1D79-4E67-BB7E-DEB716006397}.Release|Any CPU.Build.0 = Release|Any CPU
	EndGlobalSection
	GlobalSection(SolutionProperties) = preSolution
		HideSolutionNode = FALSE
	EndGlobalSection
	GlobalSection(ExtensibilityGlobals) = postSolution
		SolutionGuid = {DBB0F0C7-1865-41AF-B71D-C31CC9BF1368}
	EndGlobalSection
EndGlobal
