
Microsoft Visual Studio Solution File, Format Version 12.00
# Visual Studio Version 16
VisualStudioVersion = 16.0.29920.165
MinimumVisualStudioVersion = 10.0.40219.1
Project("{FAE04EC0-301F-11D3-BF4B-00C04F79EFBC}") = "List_Practice", "List_Practice.csproj", "{8DF53979-598F-4A0A-9101-266E2862D5FD}"
EndProject
Global
	GlobalSection(SolutionConfigurationPlatforms) = preSolution
		Debug|Any CPU = Debug|Any CPU
		Release|Any CPU = Release|Any CPU
	EndGlobalSection
	GlobalSection(ProjectConfigurationPlatforms) = postSolution
		{8DF53979-598F-4A0A-9101-266E2862D5FD}.Debug|Any CPU.ActiveCfg = Debug|Any CPU
		{8DF53979-598F-4A0A-9101-266E2862D5FD}.Debug|Any CPU.Build.0 = Debug|Any CPU
		{8DF53979-598F-4A0A-9101-266E2862D5FD}.Release|Any CPU.ActiveCfg = Release|Any CPU
		{8DF53979-598F-4A0A-9101-266E2862D5FD}.Release|Any CPU.Build.0 = Release|Any CPU
	EndGlobalSection
	GlobalSection(SolutionProperties) = preSolution
		HideSolutionNode = FALSE
	EndGlobalSection
	GlobalSection(ExtensibilityGlobals) = postSolution
		SolutionGuid = {B1FA74F0-BB14-4D78-8916-0FFDCE961643}
	EndGlobalSection
EndGlobal
