
Microsoft Visual Studio Solution File, Format Version 12.00
# Visual Studio Version 16
VisualStudioVersion = 16.0.29911.84
MinimumVisualStudioVersion = 10.0.40219.1
Project("{FAE04EC0-301F-11D3-BF4B-00C04F79EFBC}") = "RegularExpression", "RegularExpression.csproj", "{29D1B2CC-1ED7-4979-A7EB-C339FB3BE228}"
EndProject
Global
	GlobalSection(SolutionConfigurationPlatforms) = preSolution
		Debug|Any CPU = Debug|Any CPU
		Release|Any CPU = Release|Any CPU
	EndGlobalSection
	GlobalSection(ProjectConfigurationPlatforms) = postSolution
		{29D1B2CC-1ED7-4979-A7EB-C339FB3BE228}.Debug|Any CPU.ActiveCfg = Debug|Any CPU
		{29D1B2CC-1ED7-4979-A7EB-C339FB3BE228}.Debug|Any CPU.Build.0 = Debug|Any CPU
		{29D1B2CC-1ED7-4979-A7EB-C339FB3BE228}.Release|Any CPU.ActiveCfg = Release|Any CPU
		{29D1B2CC-1ED7-4979-A7EB-C339FB3BE228}.Release|Any CPU.Build.0 = Release|Any CPU
	EndGlobalSection
	GlobalSection(SolutionProperties) = preSolution
		HideSolutionNode = FALSE
	EndGlobalSection
	GlobalSection(ExtensibilityGlobals) = postSolution
		SolutionGuid = {569B4985-1360-4C2A-AE28-C58DB39E0096}
	EndGlobalSection
EndGlobal
