
Microsoft Visual Studio Solution File, Format Version 12.00
# Visual Studio Version 16
VisualStudioVersion = 16.0.29905.134
MinimumVisualStudioVersion = 10.0.40219.1
Project("{FAE04EC0-301F-11D3-BF4B-00C04F79EFBC}") = "StaticConstructor", "StaticConstructor.csproj", "{3500E5B2-3FE9-4B56-B928-EC4E99129832}"
EndProject
Global
	GlobalSection(SolutionConfigurationPlatforms) = preSolution
		Debug|Any CPU = Debug|Any CPU
		Release|Any CPU = Release|Any CPU
	EndGlobalSection
	GlobalSection(ProjectConfigurationPlatforms) = postSolution
		{3500E5B2-3FE9-4B56-B928-EC4E99129832}.Debug|Any CPU.ActiveCfg = Debug|Any CPU
		{3500E5B2-3FE9-4B56-B928-EC4E99129832}.Debug|Any CPU.Build.0 = Debug|Any CPU
		{3500E5B2-3FE9-4B56-B928-EC4E99129832}.Release|Any CPU.ActiveCfg = Release|Any CPU
		{3500E5B2-3FE9-4B56-B928-EC4E99129832}.Release|Any CPU.Build.0 = Release|Any CPU
	EndGlobalSection
	GlobalSection(SolutionProperties) = preSolution
		HideSolutionNode = FALSE
	EndGlobalSection
	GlobalSection(ExtensibilityGlobals) = postSolution
		SolutionGuid = {38352609-B93B-4993-8E1D-776DC87B54ED}
	EndGlobalSection
EndGlobal
