
Microsoft Visual Studio Solution File, Format Version 12.00
# Visual Studio Version 16
VisualStudioVersion = 16.0.29911.84
MinimumVisualStudioVersion = 10.0.40219.1
Project("{FAE04EC0-301F-11D3-BF4B-00C04F79EFBC}") = "SealedMethod", "SealedMethod.csproj", "{F91A309B-7073-4225-835F-1C0D36B52837}"
EndProject
Global
	GlobalSection(SolutionConfigurationPlatforms) = preSolution
		Debug|Any CPU = Debug|Any CPU
		Release|Any CPU = Release|Any CPU
	EndGlobalSection
	GlobalSection(ProjectConfigurationPlatforms) = postSolution
		{F91A309B-7073-4225-835F-1C0D36B52837}.Debug|Any CPU.ActiveCfg = Debug|Any CPU
		{F91A309B-7073-4225-835F-1C0D36B52837}.Debug|Any CPU.Build.0 = Debug|Any CPU
		{F91A309B-7073-4225-835F-1C0D36B52837}.Release|Any CPU.ActiveCfg = Release|Any CPU
		{F91A309B-7073-4225-835F-1C0D36B52837}.Release|Any CPU.Build.0 = Release|Any CPU
	EndGlobalSection
	GlobalSection(SolutionProperties) = preSolution
		HideSolutionNode = FALSE
	EndGlobalSection
	GlobalSection(ExtensibilityGlobals) = postSolution
		SolutionGuid = {9CA3A8A7-7BEE-48B9-9E77-48235568CE4C}
	EndGlobalSection
EndGlobal
