
Microsoft Visual Studio Solution File, Format Version 12.00
# Visual Studio Version 16
VisualStudioVersion = 16.0.29911.84
MinimumVisualStudioVersion = 10.0.40219.1
Project("{FAE04EC0-301F-11D3-BF4B-00C04F79EFBC}") = "Indexer", "Indexer.csproj", "{ED87D5FD-2238-43E3-8F0C-7B8F67FFA9BA}"
EndProject
Global
	GlobalSection(SolutionConfigurationPlatforms) = preSolution
		Debug|Any CPU = Debug|Any CPU
		Release|Any CPU = Release|Any CPU
	EndGlobalSection
	GlobalSection(ProjectConfigurationPlatforms) = postSolution
		{ED87D5FD-2238-43E3-8F0C-7B8F67FFA9BA}.Debug|Any CPU.ActiveCfg = Debug|Any CPU
		{ED87D5FD-2238-43E3-8F0C-7B8F67FFA9BA}.Debug|Any CPU.Build.0 = Debug|Any CPU
		{ED87D5FD-2238-43E3-8F0C-7B8F67FFA9BA}.Release|Any CPU.ActiveCfg = Release|Any CPU
		{ED87D5FD-2238-43E3-8F0C-7B8F67FFA9BA}.Release|Any CPU.Build.0 = Release|Any CPU
	EndGlobalSection
	GlobalSection(SolutionProperties) = preSolution
		HideSolutionNode = FALSE
	EndGlobalSection
	GlobalSection(ExtensibilityGlobals) = postSolution
		SolutionGuid = {278C6D9E-82AA-401F-AC13-2DD5F874475D}
	EndGlobalSection
EndGlobal
