
Microsoft Visual Studio Solution File, Format Version 12.00
# Visual Studio Version 16
VisualStudioVersion = 16.0.29806.167
MinimumVisualStudioVersion = 10.0.40219.1
Project("{FAE04EC0-301F-11D3-BF4B-00C04F79EFBC}") = "Class", "Class.csproj", "{C41491BF-01A6-4228-BCC1-AC7BAB3E6156}"
EndProject
Global
	GlobalSection(SolutionConfigurationPlatforms) = preSolution
		Debug|Any CPU = Debug|Any CPU
		Release|Any CPU = Release|Any CPU
	EndGlobalSection
	GlobalSection(ProjectConfigurationPlatforms) = postSolution
		{C41491BF-01A6-4228-BCC1-AC7BAB3E6156}.Debug|Any CPU.ActiveCfg = Debug|Any CPU
		{C41491BF-01A6-4228-BCC1-AC7BAB3E6156}.Debug|Any CPU.Build.0 = Debug|Any CPU
		{C41491BF-01A6-4228-BCC1-AC7BAB3E6156}.Release|Any CPU.ActiveCfg = Release|Any CPU
		{C41491BF-01A6-4228-BCC1-AC7BAB3E6156}.Release|Any CPU.Build.0 = Release|Any CPU
	EndGlobalSection
	GlobalSection(SolutionProperties) = preSolution
		HideSolutionNode = FALSE
	EndGlobalSection
	GlobalSection(ExtensibilityGlobals) = postSolution
		SolutionGuid = {DCD7EAE9-8D04-42CF-B3D2-D39004A9D9AB}
	EndGlobalSection
EndGlobal
