
Microsoft Visual Studio Solution File, Format Version 12.00
# Visual Studio Version 16
VisualStudioVersion = 16.0.30011.22
MinimumVisualStudioVersion = 10.0.40219.1
Project("{FAE04EC0-301F-11D3-BF4B-00C04F79EFBC}") = "Constructor_This", "Constructor_This.csproj", "{2F510360-D43C-4AD5-86C3-2B7B57BA5CF0}"
EndProject
Global
	GlobalSection(SolutionConfigurationPlatforms) = preSolution
		Debug|Any CPU = Debug|Any CPU
		Release|Any CPU = Release|Any CPU
	EndGlobalSection
	GlobalSection(ProjectConfigurationPlatforms) = postSolution
		{2F510360-D43C-4AD5-86C3-2B7B57BA5CF0}.Debug|Any CPU.ActiveCfg = Debug|Any CPU
		{2F510360-D43C-4AD5-86C3-2B7B57BA5CF0}.Debug|Any CPU.Build.0 = Debug|Any CPU
		{2F510360-D43C-4AD5-86C3-2B7B57BA5CF0}.Release|Any CPU.ActiveCfg = Release|Any CPU
		{2F510360-D43C-4AD5-86C3-2B7B57BA5CF0}.Release|Any CPU.Build.0 = Release|Any CPU
	EndGlobalSection
	GlobalSection(SolutionProperties) = preSolution
		HideSolutionNode = FALSE
	EndGlobalSection
	GlobalSection(ExtensibilityGlobals) = postSolution
		SolutionGuid = {F4954F72-28C8-4590-ABD9-C766F4669F91}
	EndGlobalSection
EndGlobal
