
Microsoft Visual Studio Solution File, Format Version 12.00
# Visual Studio Version 16
VisualStudioVersion = 16.0.29905.134
MinimumVisualStudioVersion = 10.0.40219.1
Project("{FAE04EC0-301F-11D3-BF4B-00C04F79EFBC}") = "Properties", "Properties.csproj", "{EF17F188-9E3E-4C32-8655-DA1434CA6E6E}"
EndProject
Global
	GlobalSection(SolutionConfigurationPlatforms) = preSolution
		Debug|Any CPU = Debug|Any CPU
		Release|Any CPU = Release|Any CPU
	EndGlobalSection
	GlobalSection(ProjectConfigurationPlatforms) = postSolution
		{EF17F188-9E3E-4C32-8655-DA1434CA6E6E}.Debug|Any CPU.ActiveCfg = Debug|Any CPU
		{EF17F188-9E3E-4C32-8655-DA1434CA6E6E}.Debug|Any CPU.Build.0 = Debug|Any CPU
		{EF17F188-9E3E-4C32-8655-DA1434CA6E6E}.Release|Any CPU.ActiveCfg = Release|Any CPU
		{EF17F188-9E3E-4C32-8655-DA1434CA6E6E}.Release|Any CPU.Build.0 = Release|Any CPU
	EndGlobalSection
	GlobalSection(SolutionProperties) = preSolution
		HideSolutionNode = FALSE
	EndGlobalSection
	GlobalSection(ExtensibilityGlobals) = postSolution
		SolutionGuid = {960A457F-6EAB-4782-A497-48DBD8436D65}
	EndGlobalSection
EndGlobal
