
Microsoft Visual Studio Solution File, Format Version 12.00
# Visual Studio Version 16
VisualStudioVersion = 16.0.29613.14
MinimumVisualStudioVersion = 10.0.40219.1
Project("{FAE04EC0-301F-11D3-BF4B-00C04F79EFBC}") = "AccessSpecifiers1", "AccessSpecifiers1.csproj", "{52F38E19-3B79-4194-A602-D7F95EE80B10}"
EndProject
Project("{FAE04EC0-301F-11D3-BF4B-00C04F79EFBC}") = "AccessSpecifiers2", "..\AccessSpecifiers2\AccessSpecifiers2.csproj", "{D97CBAF6-31DB-4C4C-9240-7E78B4BBCC47}"
EndProject
Global
	GlobalSection(SolutionConfigurationPlatforms) = preSolution
		Debug|Any CPU = Debug|Any CPU
		Release|Any CPU = Release|Any CPU
	EndGlobalSection
	GlobalSection(ProjectConfigurationPlatforms) = postSolution
		{52F38E19-3B79-4194-A602-D7F95EE80B10}.Debug|Any CPU.ActiveCfg = Debug|Any CPU
		{52F38E19-3B79-4194-A602-D7F95EE80B10}.Debug|Any CPU.Build.0 = Debug|Any CPU
		{52F38E19-3B79-4194-A602-D7F95EE80B10}.Release|Any CPU.ActiveCfg = Release|Any CPU
		{52F38E19-3B79-4194-A602-D7F95EE80B10}.Release|Any CPU.Build.0 = Release|Any CPU
		{D97CBAF6-31DB-4C4C-9240-7E78B4BBCC47}.Debug|Any CPU.ActiveCfg = Debug|Any CPU
		{D97CBAF6-31DB-4C4C-9240-7E78B4BBCC47}.Debug|Any CPU.Build.0 = Debug|Any CPU
		{D97CBAF6-31DB-4C4C-9240-7E78B4BBCC47}.Release|Any CPU.ActiveCfg = Release|Any CPU
		{D97CBAF6-31DB-4C4C-9240-7E78B4BBCC47}.Release|Any CPU.Build.0 = Release|Any CPU
	EndGlobalSection
	GlobalSection(SolutionProperties) = preSolution
		HideSolutionNode = FALSE
	EndGlobalSection
	GlobalSection(ExtensibilityGlobals) = postSolution
		SolutionGuid = {41FB09B8-05D7-4016-99D2-0BE6130A87A2}
	EndGlobalSection
EndGlobal
