
Microsoft Visual Studio Solution File, Format Version 12.00
# Visual Studio Version 16
VisualStudioVersion = 16.0.29911.84
MinimumVisualStudioVersion = 10.0.40219.1
Project("{FAE04EC0-301F-11D3-BF4B-00C04F79EFBC}") = "AbstractProperties", "AbstractProperties.csproj", "{17560AB5-553B-4AB0-9FB3-AE1C9551BFA7}"
EndProject
Global
	GlobalSection(SolutionConfigurationPlatforms) = preSolution
		Debug|Any CPU = Debug|Any CPU
		Release|Any CPU = Release|Any CPU
	EndGlobalSection
	GlobalSection(ProjectConfigurationPlatforms) = postSolution
		{17560AB5-553B-4AB0-9FB3-AE1C9551BFA7}.Debug|Any CPU.ActiveCfg = Debug|Any CPU
		{17560AB5-553B-4AB0-9FB3-AE1C9551BFA7}.Debug|Any CPU.Build.0 = Debug|Any CPU
		{17560AB5-553B-4AB0-9FB3-AE1C9551BFA7}.Release|Any CPU.ActiveCfg = Release|Any CPU
		{17560AB5-553B-4AB0-9FB3-AE1C9551BFA7}.Release|Any CPU.Build.0 = Release|Any CPU
	EndGlobalSection
	GlobalSection(SolutionProperties) = preSolution
		HideSolutionNode = FALSE
	EndGlobalSection
	GlobalSection(ExtensibilityGlobals) = postSolution
		SolutionGuid = {B743B2FC-63DF-4746-BDE4-20D0AFAC73D8}
	EndGlobalSection
EndGlobal
